
Microsoft Visual Studio Solution File, Format Version 12.00
# Visual Studio Version 16
VisualStudioVersion = 16.0.30225.117
MinimumVisualStudioVersion = 10.0.40219.1
Project("{FAE04EC0-301F-11D3-BF4B-00C04F79EFBC}") = "Katya15_07_FirstCode", "Katya15_07_FirstCode\Katya15_07_FirstCode.csproj", "{BFCAB673-00DA-4B42-8636-110DA57DE1BC}"
EndProject
Global
	GlobalSection(SolutionConfigurationPlatforms) = preSolution
		Debug|Any CPU = Debug|Any CPU
		Release|Any CPU = Release|Any CPU
	EndGlobalSection
	GlobalSection(ProjectConfigurationPlatforms) = postSolution
		{BFCAB673-00DA-4B42-8636-110DA57DE1BC}.Debug|Any CPU.ActiveCfg = Debug|Any CPU
		{BFCAB673-00DA-4B42-8636-110DA57DE1BC}.Debug|Any CPU.Build.0 = Debug|Any CPU
		{BFCAB673-00DA-4B42-8636-110DA57DE1BC}.Release|Any CPU.ActiveCfg = Release|Any CPU
		{BFCAB673-00DA-4B42-8636-110DA57DE1BC}.Release|Any CPU.Build.0 = Release|Any CPU
	EndGlobalSection
	GlobalSection(SolutionProperties) = preSolution
		HideSolutionNode = FALSE
	EndGlobalSection
	GlobalSection(ExtensibilityGlobals) = postSolution
		SolutionGuid = {EBC84AF0-7BD0-44A7-A7B2-88353634CBD8}
	EndGlobalSection
EndGlobal
